# This file is automatically @generated by Cargo.
# It is not intended for manual editing.
version = 3

[[package]]
name = "narcissus"
version = "0.1.0"
dependencies = [
 "narcissus-app",
 "narcissus-core",
 "narcissus-gpu",
 "narcissus-maths",
]

[[package]]
name = "narcissus-app"
version = "0.1.0"
dependencies = [
 "narcissus-core",
 "sdl2-sys",
]

[[package]]
name = "narcissus-core"
version = "0.1.0"
dependencies = [
]

[[package]]
name = "narcissus-gpu"
version = "0.1.0"
dependencies = [
 "narcissus-app",
 "narcissus-core",
 "vulkan-sys",
]

[[package]]
name = "narcissus-maths"
version = "0.1.0"

[[package]]
name = "narcissus-world"
version = "0.1.0"
dependencies = [
 "narcissus-core",
]

[[package]]
name = "renderdoc-sys"
version = "0.1.0"

[[package]]
name = "sdl2-sys"
version = "0.1.0"

[[package]]
name = "stb_image-sys"
version = "0.1.0"

[[package]]
name = "vulkan-sys"
version = "0.1.0"
