# This file is automatically @generated by Cargo.
# It is not intended for manual editing.
version = 3

[[package]]
name = "fast-float"
version = "0.2.0"
source = "registry+https://github.com/rust-lang/crates.io-index"
checksum = "95765f67b4b18863968b4a1bd5bb576f732b29a4a28c7cd84c09fa3e2875f33c"

[[package]]
name = "narcissus"
version = "0.1.0"
dependencies = [
 "narcissus-app",
 "narcissus-core",
 "narcissus-gpu",
 "narcissus-maths",
]

[[package]]
name = "narcissus-app"
version = "0.1.0"
dependencies = [
 "narcissus-core",
 "sdl2-sys",
]

[[package]]
name = "narcissus-core"
version = "0.1.0"
dependencies = [
 "fast-float",
 "stb_image-sys",
]

[[package]]
name = "narcissus-gpu"
version = "0.1.0"
dependencies = [
 "narcissus-app",
 "narcissus-core",
 "vulkan-sys",
]

[[package]]
name = "narcissus-maths"
version = "0.1.0"

[[package]]
name = "narcissus-world"
version = "0.1.0"
dependencies = [
 "narcissus-core",
]

[[package]]
name = "renderdoc-sys"
version = "0.1.0"

[[package]]
name = "sdl2-sys"
version = "0.1.0"

[[package]]
name = "stb_image-sys"
version = "0.1.0"

[[package]]
name = "vulkan-sys"
version = "0.1.0"
